
Microsoft Visual Studio Solution File, Format Version 12.00
# Visual Studio Version 17
VisualStudioVersion = 17.8.34322.80
MinimumVisualStudioVersion = 10.0.40219.1
Project("{FAE04EC0-301F-11D3-BF4B-00C04F79EFBC}") = "Zadanie1", "Zadanie1\Zadanie1.csproj", "{669CCF23-0012-467E-85C1-9F025A6BAEF3}"
EndProject
Project("{FAE04EC0-301F-11D3-BF4B-00C04F79EFBC}") = "TestProject1", "TestProject1\TestProject1.csproj", "{CFB9C718-53F9-43D0-A0A4-2171398D1419}"
EndProject
Global
	GlobalSection(SolutionConfigurationPlatforms) = preSolution
		Debug|Any CPU = Debug|Any CPU
		Release|Any CPU = Release|Any CPU
	EndGlobalSection
	GlobalSection(ProjectConfigurationPlatforms) = postSolution
		{669CCF23-0012-467E-85C1-9F025A6BAEF3}.Debug|Any CPU.ActiveCfg = Debug|Any CPU
		{669CCF23-0012-467E-85C1-9F025A6BAEF3}.Debug|Any CPU.Build.0 = Debug|Any CPU
		{669CCF23-0012-467E-85C1-9F025A6BAEF3}.Release|Any CPU.ActiveCfg = Release|Any CPU
		{669CCF23-0012-467E-85C1-9F025A6BAEF3}.Release|Any CPU.Build.0 = Release|Any CPU
		{CFB9C718-53F9-43D0-A0A4-2171398D1419}.Debug|Any CPU.ActiveCfg = Debug|Any CPU
		{CFB9C718-53F9-43D0-A0A4-2171398D1419}.Debug|Any CPU.Build.0 = Debug|Any CPU
		{CFB9C718-53F9-43D0-A0A4-2171398D1419}.Release|Any CPU.ActiveCfg = Release|Any CPU
		{CFB9C718-53F9-43D0-A0A4-2171398D1419}.Release|Any CPU.Build.0 = Release|Any CPU
	EndGlobalSection
	GlobalSection(SolutionProperties) = preSolution
		HideSolutionNode = FALSE
	EndGlobalSection
	GlobalSection(ExtensibilityGlobals) = postSolution
		SolutionGuid = {CBCDB8AC-76A4-41A1-81B2-B5708546DE8B}
	EndGlobalSection
EndGlobal
